# Please do not edit this file.
timestamp: 1550877733
dependencies:
  boost/config:
    version: 1.66.0
    source: poac
  boost/assert:
    version: 1.66.0
    source: poac
    dependencies:
      boost/config:
        version: 1.66.0
        source: poac
  boost/core:
    version: 1.66.0
    source: poac
    dependencies:
      boost/config:
        version: 1.66.0
        source: poac
      boost/assert:
        version: 1.66.0
        source: poac
  boost/throw_exception:
    version: 1.63.0
    source: poac
    dependencies:
      boost/assert:
        version: 1.66.0
        source: poac
      boost/config:
        version: 1.66.0
        source: poac
  boost/static_assert:
    version: 1.63.0
    source: poac
    dependencies:
      boost/config:
        version: 1.66.0
        source: poac
  boost/type_traits:
    version: 1.65.0
    source: poac
    dependencies:
      boost/config:
        version: 1.66.0
        source: poac
      boost/core:
        version: 1.66.0
        source: poac
      boost/static_assert:
        version: 1.63.0
        source: poac
  boost/move:
    version: 1.66.0
    source: poac
    dependencies:
      boost/static_assert:
        version: 1.63.0
        source: poac
      boost/config:
        version: 1.66.0
        source: poac
      boost/assert:
        version: 1.66.0
        source: poac
      boost/core:
        version: 1.66.0
        source: poac
  boost/predef:
    version: 1.66.0
    source: poac
  boost/smart_ptr:
    version: 1.66.0
    source: poac
    dependencies:
      boost/core:
        version: 1.66.0
        source: poac
      boost/throw_exception:
        version: 1.63.0
        source: poac
      boost/type_traits:
        version: 1.65.0
        source: poac
      boost/move:
        version: 1.66.0
        source: poac
      boost/assert:
        version: 1.66.0
        source: poac
      boost/static_assert:
        version: 1.63.0
        source: poac
      boost/predef:
        version: 1.66.0
        source: poac
      boost/config:
        version: 1.66.0
        source: poac
